
Microsoft Visual Studio Solution File, Format Version 12.00
# Visual Studio Version 16
VisualStudioVersion = 16.0.29001.49
MinimumVisualStudioVersion = 10.0.40219.1
Project("{9A19103F-16F7-4668-BE54-9A1E7A4F7556}") = "QuestomAssets", "QuestomAssets\QuestomAssets\QuestomAssets.csproj", "{E6ACAE1D-F608-4D45-A73C-3D2EBC22D7D4}"
EndProject
Project("{9A19103F-16F7-4668-BE54-9A1E7A4F7556}") = "StbSharp.NETStandard", "QuestomAssets\StbSharp\StbSharp\StbSharp.NETStandard.csproj", "{DC823CC6-E535-456D-8401-94596DFA6D8F}"
EndProject
Project("{FAE04EC0-301F-11D3-BF4B-00C04F79EFBC}") = "BeatOn", "BeatOn\BeatOn.csproj", "{D27F570C-D0F3-4C71-AB03-F40F90A0171C}"
EndProject
Project("{9A19103F-16F7-4668-BE54-9A1E7A4F7556}") = "QuestomAssets.Tests", "QuestomAssets\QuestomAssets.Tests\QuestomAssets.Tests.csproj", "{ADA40C5A-3CA4-4E81-9A36-17FD7A2B50EF}"
EndProject
Project("{FAE04EC0-301F-11D3-BF4B-00C04F79EFBC}") = "InstallHelperInterop", "InstallerHelperInterop\InstallHelperInterop.csproj", "{F6066F57-0767-47DF-8B18-CA76E8E0CC8A}"
EndProject
Project("{FAE04EC0-301F-11D3-BF4B-00C04F79EFBC}") = "Assplorer", "QuestomAssets\Assplorer\Assplorer.csproj", "{97BB1A0F-E383-4AE6-9AAC-8CA2F24C577F}"
EndProject
Global
	GlobalSection(SolutionConfigurationPlatforms) = preSolution
		Debug|Any CPU = Debug|Any CPU
		Debug|x64 = Debug|x64
		Debug|x86 = Debug|x86
		Emulator Debug|Any CPU = Emulator Debug|Any CPU
		Emulator Debug|x64 = Emulator Debug|x64
		Emulator Debug|x86 = Emulator Debug|x86
		Profiler|Any CPU = Profiler|Any CPU
		Profiler|x64 = Profiler|x64
		Profiler|x86 = Profiler|x86
		Release|Any CPU = Release|Any CPU
		Release|x64 = Release|x64
		Release|x86 = Release|x86
	EndGlobalSection
	GlobalSection(ProjectConfigurationPlatforms) = postSolution
		{E6ACAE1D-F608-4D45-A73C-3D2EBC22D7D4}.Debug|Any CPU.ActiveCfg = Debug|Any CPU
		{E6ACAE1D-F608-4D45-A73C-3D2EBC22D7D4}.Debug|Any CPU.Build.0 = Debug|Any CPU
		{E6ACAE1D-F608-4D45-A73C-3D2EBC22D7D4}.Debug|x64.ActiveCfg = Debug|Any CPU
		{E6ACAE1D-F608-4D45-A73C-3D2EBC22D7D4}.Debug|x64.Build.0 = Debug|Any CPU
		{E6ACAE1D-F608-4D45-A73C-3D2EBC22D7D4}.Debug|x86.ActiveCfg = Debug|Any CPU
		{E6ACAE1D-F608-4D45-A73C-3D2EBC22D7D4}.Debug|x86.Build.0 = Debug|Any CPU
		{E6ACAE1D-F608-4D45-A73C-3D2EBC22D7D4}.Emulator Debug|Any CPU.ActiveCfg = Emulator Debug|Any CPU
		{E6ACAE1D-F608-4D45-A73C-3D2EBC22D7D4}.Emulator Debug|Any CPU.Build.0 = Emulator Debug|Any CPU
		{E6ACAE1D-F608-4D45-A73C-3D2EBC22D7D4}.Emulator Debug|x64.ActiveCfg = Emulator Debug|Any CPU
		{E6ACAE1D-F608-4D45-A73C-3D2EBC22D7D4}.Emulator Debug|x64.Build.0 = Emulator Debug|Any CPU
		{E6ACAE1D-F608-4D45-A73C-3D2EBC22D7D4}.Emulator Debug|x86.ActiveCfg = Emulator Debug|Any CPU
		{E6ACAE1D-F608-4D45-A73C-3D2EBC22D7D4}.Emulator Debug|x86.Build.0 = Emulator Debug|Any CPU
		{E6ACAE1D-F608-4D45-A73C-3D2EBC22D7D4}.Profiler|Any CPU.ActiveCfg = Profiler|Any CPU
		{E6ACAE1D-F608-4D45-A73C-3D2EBC22D7D4}.Profiler|Any CPU.Build.0 = Profiler|Any CPU
		{E6ACAE1D-F608-4D45-A73C-3D2EBC22D7D4}.Profiler|x64.ActiveCfg = Profiler|Any CPU
		{E6ACAE1D-F608-4D45-A73C-3D2EBC22D7D4}.Profiler|x64.Build.0 = Profiler|Any CPU
		{E6ACAE1D-F608-4D45-A73C-3D2EBC22D7D4}.Profiler|x86.ActiveCfg = Profiler|Any CPU
		{E6ACAE1D-F608-4D45-A73C-3D2EBC22D7D4}.Profiler|x86.Build.0 = Profiler|Any CPU
		{E6ACAE1D-F608-4D45-A73C-3D2EBC22D7D4}.Release|Any CPU.ActiveCfg = Release|Any CPU
		{E6ACAE1D-F608-4D45-A73C-3D2EBC22D7D4}.Release|Any CPU.Build.0 = Release|Any CPU
		{E6ACAE1D-F608-4D45-A73C-3D2EBC22D7D4}.Release|x64.ActiveCfg = Release|Any CPU
		{E6ACAE1D-F608-4D45-A73C-3D2EBC22D7D4}.Release|x64.Build.0 = Release|Any CPU
		{E6ACAE1D-F608-4D45-A73C-3D2EBC22D7D4}.Release|x86.ActiveCfg = Release|Any CPU
		{E6ACAE1D-F608-4D45-A73C-3D2EBC22D7D4}.Release|x86.Build.0 = Release|Any CPU
		{DC823CC6-E535-456D-8401-94596DFA6D8F}.Debug|Any CPU.ActiveCfg = Debug|Any CPU
		{DC823CC6-E535-456D-8401-94596DFA6D8F}.Debug|Any CPU.Build.0 = Debug|Any CPU
		{DC823CC6-E535-456D-8401-94596DFA6D8F}.Debug|x64.ActiveCfg = Debug|Any CPU
		{DC823CC6-E535-456D-8401-94596DFA6D8F}.Debug|x64.Build.0 = Debug|Any CPU
		{DC823CC6-E535-456D-8401-94596DFA6D8F}.Debug|x86.ActiveCfg = Debug|Any CPU
		{DC823CC6-E535-456D-8401-94596DFA6D8F}.Debug|x86.Build.0 = Debug|Any CPU
		{DC823CC6-E535-456D-8401-94596DFA6D8F}.Emulator Debug|Any CPU.ActiveCfg = Emulator Debug|Any CPU
		{DC823CC6-E535-456D-8401-94596DFA6D8F}.Emulator Debug|Any CPU.Build.0 = Emulator Debug|Any CPU
		{DC823CC6-E535-456D-8401-94596DFA6D8F}.Emulator Debug|x64.ActiveCfg = Emulator Debug|Any CPU
		{DC823CC6-E535-456D-8401-94596DFA6D8F}.Emulator Debug|x64.Build.0 = Emulator Debug|Any CPU
		{DC823CC6-E535-456D-8401-94596DFA6D8F}.Emulator Debug|x86.ActiveCfg = Emulator Debug|Any CPU
		{DC823CC6-E535-456D-8401-94596DFA6D8F}.Emulator Debug|x86.Build.0 = Emulator Debug|Any CPU
		{DC823CC6-E535-456D-8401-94596DFA6D8F}.Profiler|Any CPU.ActiveCfg = Profiler|Any CPU
		{DC823CC6-E535-456D-8401-94596DFA6D8F}.Profiler|Any CPU.Build.0 = Profiler|Any CPU
		{DC823CC6-E535-456D-8401-94596DFA6D8F}.Profiler|x64.ActiveCfg = Profiler|Any CPU
		{DC823CC6-E535-456D-8401-94596DFA6D8F}.Profiler|x64.Build.0 = Profiler|Any CPU
		{DC823CC6-E535-456D-8401-94596DFA6D8F}.Profiler|x86.ActiveCfg = Profiler|Any CPU
		{DC823CC6-E535-456D-8401-94596DFA6D8F}.Profiler|x86.Build.0 = Profiler|Any CPU
		{DC823CC6-E535-456D-8401-94596DFA6D8F}.Release|Any CPU.ActiveCfg = Release|Any CPU
		{DC823CC6-E535-456D-8401-94596DFA6D8F}.Release|Any CPU.Build.0 = Release|Any CPU
		{DC823CC6-E535-456D-8401-94596DFA6D8F}.Release|x64.ActiveCfg = Release|Any CPU
		{DC823CC6-E535-456D-8401-94596DFA6D8F}.Release|x64.Build.0 = Release|Any CPU
		{DC823CC6-E535-456D-8401-94596DFA6D8F}.Release|x86.ActiveCfg = Release|Any CPU
		{DC823CC6-E535-456D-8401-94596DFA6D8F}.Release|x86.Build.0 = Release|Any CPU
		{D27F570C-D0F3-4C71-AB03-F40F90A0171C}.Debug|Any CPU.ActiveCfg = Debug|Any CPU
		{D27F570C-D0F3-4C71-AB03-F40F90A0171C}.Debug|Any CPU.Build.0 = Debug|Any CPU
		{D27F570C-D0F3-4C71-AB03-F40F90A0171C}.Debug|Any CPU.Deploy.0 = Debug|Any CPU
		{D27F570C-D0F3-4C71-AB03-F40F90A0171C}.Debug|x64.ActiveCfg = Debug|Any CPU
		{D27F570C-D0F3-4C71-AB03-F40F90A0171C}.Debug|x64.Build.0 = Debug|Any CPU
		{D27F570C-D0F3-4C71-AB03-F40F90A0171C}.Debug|x64.Deploy.0 = Debug|Any CPU
		{D27F570C-D0F3-4C71-AB03-F40F90A0171C}.Debug|x86.ActiveCfg = Debug|Any CPU
		{D27F570C-D0F3-4C71-AB03-F40F90A0171C}.Debug|x86.Build.0 = Debug|Any CPU
		{D27F570C-D0F3-4C71-AB03-F40F90A0171C}.Debug|x86.Deploy.0 = Debug|Any CPU
		{D27F570C-D0F3-4C71-AB03-F40F90A0171C}.Emulator Debug|Any CPU.ActiveCfg = Emulator Debug|Any CPU
		{D27F570C-D0F3-4C71-AB03-F40F90A0171C}.Emulator Debug|Any CPU.Build.0 = Emulator Debug|Any CPU
		{D27F570C-D0F3-4C71-AB03-F40F90A0171C}.Emulator Debug|Any CPU.Deploy.0 = Emulator Debug|Any CPU
		{D27F570C-D0F3-4C71-AB03-F40F90A0171C}.Emulator Debug|x64.ActiveCfg = Emulator Debug|Any CPU
		{D27F570C-D0F3-4C71-AB03-F40F90A0171C}.Emulator Debug|x64.Build.0 = Emulator Debug|Any CPU
		{D27F570C-D0F3-4C71-AB03-F40F90A0171C}.Emulator Debug|x64.Deploy.0 = Emulator Debug|Any CPU
		{D27F570C-D0F3-4C71-AB03-F40F90A0171C}.Emulator Debug|x86.ActiveCfg = Emulator Debug|Any CPU
		{D27F570C-D0F3-4C71-AB03-F40F90A0171C}.Emulator Debug|x86.Build.0 = Emulator Debug|Any CPU
		{D27F570C-D0F3-4C71-AB03-F40F90A0171C}.Emulator Debug|x86.Deploy.0 = Emulator Debug|Any CPU
		{D27F570C-D0F3-4C71-AB03-F40F90A0171C}.Profiler|Any CPU.ActiveCfg = Profiler|Any CPU
		{D27F570C-D0F3-4C71-AB03-F40F90A0171C}.Profiler|Any CPU.Build.0 = Profiler|Any CPU
		{D27F570C-D0F3-4C71-AB03-F40F90A0171C}.Profiler|Any CPU.Deploy.0 = Profiler|Any CPU
		{D27F570C-D0F3-4C71-AB03-F40F90A0171C}.Profiler|x64.ActiveCfg = Profiler|Any CPU
		{D27F570C-D0F3-4C71-AB03-F40F90A0171C}.Profiler|x64.Build.0 = Profiler|Any CPU
		{D27F570C-D0F3-4C71-AB03-F40F90A0171C}.Profiler|x64.Deploy.0 = Profiler|Any CPU
		{D27F570C-D0F3-4C71-AB03-F40F90A0171C}.Profiler|x86.ActiveCfg = Profiler|Any CPU
		{D27F570C-D0F3-4C71-AB03-F40F90A0171C}.Profiler|x86.Build.0 = Profiler|Any CPU
		{D27F570C-D0F3-4C71-AB03-F40F90A0171C}.Profiler|x86.Deploy.0 = Profiler|Any CPU
		{D27F570C-D0F3-4C71-AB03-F40F90A0171C}.Release|Any CPU.ActiveCfg = Release|Any CPU
		{D27F570C-D0F3-4C71-AB03-F40F90A0171C}.Release|Any CPU.Build.0 = Release|Any CPU
		{D27F570C-D0F3-4C71-AB03-F40F90A0171C}.Release|Any CPU.Deploy.0 = Release|Any CPU
		{D27F570C-D0F3-4C71-AB03-F40F90A0171C}.Release|x64.ActiveCfg = Release|Any CPU
		{D27F570C-D0F3-4C71-AB03-F40F90A0171C}.Release|x64.Build.0 = Release|Any CPU
		{D27F570C-D0F3-4C71-AB03-F40F90A0171C}.Release|x64.Deploy.0 = Release|Any CPU
		{D27F570C-D0F3-4C71-AB03-F40F90A0171C}.Release|x86.ActiveCfg = Release|Any CPU
		{D27F570C-D0F3-4C71-AB03-F40F90A0171C}.Release|x86.Build.0 = Release|Any CPU
		{D27F570C-D0F3-4C71-AB03-F40F90A0171C}.Release|x86.Deploy.0 = Release|Any CPU
		{ADA40C5A-3CA4-4E81-9A36-17FD7A2B50EF}.Debug|Any CPU.ActiveCfg = Debug|Any CPU
		{ADA40C5A-3CA4-4E81-9A36-17FD7A2B50EF}.Debug|Any CPU.Build.0 = Debug|Any CPU
		{ADA40C5A-3CA4-4E81-9A36-17FD7A2B50EF}.Debug|x64.ActiveCfg = Debug|Any CPU
		{ADA40C5A-3CA4-4E81-9A36-17FD7A2B50EF}.Debug|x64.Build.0 = Debug|Any CPU
		{ADA40C5A-3CA4-4E81-9A36-17FD7A2B50EF}.Debug|x86.ActiveCfg = Debug|Any CPU
		{ADA40C5A-3CA4-4E81-9A36-17FD7A2B50EF}.Debug|x86.Build.0 = Debug|Any CPU
		{ADA40C5A-3CA4-4E81-9A36-17FD7A2B50EF}.Emulator Debug|Any CPU.ActiveCfg = Emulator Debug|Any CPU
		{ADA40C5A-3CA4-4E81-9A36-17FD7A2B50EF}.Emulator Debug|Any CPU.Build.0 = Emulator Debug|Any CPU
		{ADA40C5A-3CA4-4E81-9A36-17FD7A2B50EF}.Emulator Debug|x64.ActiveCfg = Emulator Debug|Any CPU
		{ADA40C5A-3CA4-4E81-9A36-17FD7A2B50EF}.Emulator Debug|x64.Build.0 = Emulator Debug|Any CPU
		{ADA40C5A-3CA4-4E81-9A36-17FD7A2B50EF}.Emulator Debug|x86.ActiveCfg = Emulator Debug|Any CPU
		{ADA40C5A-3CA4-4E81-9A36-17FD7A2B50EF}.Emulator Debug|x86.Build.0 = Emulator Debug|Any CPU
		{ADA40C5A-3CA4-4E81-9A36-17FD7A2B50EF}.Profiler|Any CPU.ActiveCfg = Profiler|Any CPU
		{ADA40C5A-3CA4-4E81-9A36-17FD7A2B50EF}.Profiler|Any CPU.Build.0 = Profiler|Any CPU
		{ADA40C5A-3CA4-4E81-9A36-17FD7A2B50EF}.Profiler|x64.ActiveCfg = Profiler|Any CPU
		{ADA40C5A-3CA4-4E81-9A36-17FD7A2B50EF}.Profiler|x64.Build.0 = Profiler|Any CPU
		{ADA40C5A-3CA4-4E81-9A36-17FD7A2B50EF}.Profiler|x86.ActiveCfg = Profiler|Any CPU
		{ADA40C5A-3CA4-4E81-9A36-17FD7A2B50EF}.Profiler|x86.Build.0 = Profiler|Any CPU
		{ADA40C5A-3CA4-4E81-9A36-17FD7A2B50EF}.Release|Any CPU.ActiveCfg = Release|Any CPU
		{ADA40C5A-3CA4-4E81-9A36-17FD7A2B50EF}.Release|Any CPU.Build.0 = Release|Any CPU
		{ADA40C5A-3CA4-4E81-9A36-17FD7A2B50EF}.Release|x64.ActiveCfg = Release|Any CPU
		{ADA40C5A-3CA4-4E81-9A36-17FD7A2B50EF}.Release|x64.Build.0 = Release|Any CPU
		{ADA40C5A-3CA4-4E81-9A36-17FD7A2B50EF}.Release|x86.ActiveCfg = Release|Any CPU
		{ADA40C5A-3CA4-4E81-9A36-17FD7A2B50EF}.Release|x86.Build.0 = Release|Any CPU
		{F6066F57-0767-47DF-8B18-CA76E8E0CC8A}.Debug|Any CPU.ActiveCfg = Debug|Any CPU
		{F6066F57-0767-47DF-8B18-CA76E8E0CC8A}.Debug|Any CPU.Build.0 = Debug|Any CPU
		{F6066F57-0767-47DF-8B18-CA76E8E0CC8A}.Debug|x64.ActiveCfg = Debug|Any CPU
		{F6066F57-0767-47DF-8B18-CA76E8E0CC8A}.Debug|x64.Build.0 = Debug|Any CPU
		{F6066F57-0767-47DF-8B18-CA76E8E0CC8A}.Debug|x86.ActiveCfg = Debug|Any CPU
		{F6066F57-0767-47DF-8B18-CA76E8E0CC8A}.Debug|x86.Build.0 = Debug|Any CPU
		{F6066F57-0767-47DF-8B18-CA76E8E0CC8A}.Emulator Debug|Any CPU.ActiveCfg = Emulator Debug|Any CPU
		{F6066F57-0767-47DF-8B18-CA76E8E0CC8A}.Emulator Debug|Any CPU.Build.0 = Emulator Debug|Any CPU
		{F6066F57-0767-47DF-8B18-CA76E8E0CC8A}.Emulator Debug|x64.ActiveCfg = Emulator Debug|Any CPU
		{F6066F57-0767-47DF-8B18-CA76E8E0CC8A}.Emulator Debug|x64.Build.0 = Emulator Debug|Any CPU
		{F6066F57-0767-47DF-8B18-CA76E8E0CC8A}.Emulator Debug|x86.ActiveCfg = Emulator Debug|Any CPU
		{F6066F57-0767-47DF-8B18-CA76E8E0CC8A}.Emulator Debug|x86.Build.0 = Emulator Debug|Any CPU
		{F6066F57-0767-47DF-8B18-CA76E8E0CC8A}.Profiler|Any CPU.ActiveCfg = Profiler|Any CPU
		{F6066F57-0767-47DF-8B18-CA76E8E0CC8A}.Profiler|Any CPU.Build.0 = Profiler|Any CPU
		{F6066F57-0767-47DF-8B18-CA76E8E0CC8A}.Profiler|x64.ActiveCfg = Profiler|Any CPU
		{F6066F57-0767-47DF-8B18-CA76E8E0CC8A}.Profiler|x64.Build.0 = Profiler|Any CPU
		{F6066F57-0767-47DF-8B18-CA76E8E0CC8A}.Profiler|x86.ActiveCfg = Profiler|Any CPU
		{F6066F57-0767-47DF-8B18-CA76E8E0CC8A}.Profiler|x86.Build.0 = Profiler|Any CPU
		{F6066F57-0767-47DF-8B18-CA76E8E0CC8A}.Release|Any CPU.ActiveCfg = Release|Any CPU
		{F6066F57-0767-47DF-8B18-CA76E8E0CC8A}.Release|Any CPU.Build.0 = Release|Any CPU
		{F6066F57-0767-47DF-8B18-CA76E8E0CC8A}.Release|x64.ActiveCfg = Release|Any CPU
		{F6066F57-0767-47DF-8B18-CA76E8E0CC8A}.Release|x64.Build.0 = Release|Any CPU
		{F6066F57-0767-47DF-8B18-CA76E8E0CC8A}.Release|x86.ActiveCfg = Release|Any CPU
		{F6066F57-0767-47DF-8B18-CA76E8E0CC8A}.Release|x86.Build.0 = Release|Any CPU
		{97BB1A0F-E383-4AE6-9AAC-8CA2F24C577F}.Debug|Any CPU.ActiveCfg = Debug|Any CPU
		{97BB1A0F-E383-4AE6-9AAC-8CA2F24C577F}.Debug|Any CPU.Build.0 = Debug|Any CPU
		{97BB1A0F-E383-4AE6-9AAC-8CA2F24C577F}.Debug|x64.ActiveCfg = Debug|Any CPU
		{97BB1A0F-E383-4AE6-9AAC-8CA2F24C577F}.Debug|x64.Build.0 = Debug|Any CPU
		{97BB1A0F-E383-4AE6-9AAC-8CA2F24C577F}.Debug|x86.ActiveCfg = Debug|Any CPU
		{97BB1A0F-E383-4AE6-9AAC-8CA2F24C577F}.Debug|x86.Build.0 = Debug|Any CPU
		{97BB1A0F-E383-4AE6-9AAC-8CA2F24C577F}.Emulator Debug|Any CPU.ActiveCfg = Debug|Any CPU
		{97BB1A0F-E383-4AE6-9AAC-8CA2F24C577F}.Emulator Debug|Any CPU.Build.0 = Debug|Any CPU
		{97BB1A0F-E383-4AE6-9AAC-8CA2F24C577F}.Emulator Debug|x64.ActiveCfg = Debug|Any CPU
		{97BB1A0F-E383-4AE6-9AAC-8CA2F24C577F}.Emulator Debug|x64.Build.0 = Debug|Any CPU
		{97BB1A0F-E383-4AE6-9AAC-8CA2F24C577F}.Emulator Debug|x86.ActiveCfg = Debug|Any CPU
		{97BB1A0F-E383-4AE6-9AAC-8CA2F24C577F}.Emulator Debug|x86.Build.0 = Debug|Any CPU
		{97BB1A0F-E383-4AE6-9AAC-8CA2F24C577F}.Profiler|Any CPU.ActiveCfg = Profiler|Any CPU
		{97BB1A0F-E383-4AE6-9AAC-8CA2F24C577F}.Profiler|Any CPU.Build.0 = Profiler|Any CPU
		{97BB1A0F-E383-4AE6-9AAC-8CA2F24C577F}.Profiler|x64.ActiveCfg = Profiler|Any CPU
		{97BB1A0F-E383-4AE6-9AAC-8CA2F24C577F}.Profiler|x64.Build.0 = Profiler|Any CPU
		{97BB1A0F-E383-4AE6-9AAC-8CA2F24C577F}.Profiler|x86.ActiveCfg = Profiler|Any CPU
		{97BB1A0F-E383-4AE6-9AAC-8CA2F24C577F}.Profiler|x86.Build.0 = Profiler|Any CPU
		{97BB1A0F-E383-4AE6-9AAC-8CA2F24C577F}.Release|Any CPU.ActiveCfg = Release|Any CPU
		{97BB1A0F-E383-4AE6-9AAC-8CA2F24C577F}.Release|Any CPU.Build.0 = Release|Any CPU
		{97BB1A0F-E383-4AE6-9AAC-8CA2F24C577F}.Release|x64.ActiveCfg = Release|Any CPU
		{97BB1A0F-E383-4AE6-9AAC-8CA2F24C577F}.Release|x64.Build.0 = Release|Any CPU
		{97BB1A0F-E383-4AE6-9AAC-8CA2F24C577F}.Release|x86.ActiveCfg = Release|Any CPU
		{97BB1A0F-E383-4AE6-9AAC-8CA2F24C577F}.Release|x86.Build.0 = Release|Any CPU
	EndGlobalSection
	GlobalSection(SolutionProperties) = preSolution
		HideSolutionNode = FALSE
	EndGlobalSection
	GlobalSection(ExtensibilityGlobals) = postSolution
		SolutionGuid = {8616EE59-F785-441B-A5E5-06D8A84E380A}
	EndGlobalSection
EndGlobal
