{
  "requires": true,
  "lockfileVersion": 1,
  "dependencies": {
    "@angular/common": {
      "version": "8.1.0",
      "resolved": "https://registry.npmjs.org/@angular/common/-/common-8.1.0.tgz",
      "integrity": "sha512-m5oEBPSy5nE+4SZTu3XchJhKT/u73NnJIS3+41xRsF5aX/1p8uNHkhJR7kcJmlVa7BZNr4byl8bGsYjX0CCpVg==",
      "requires": {
        "tslib": "^1.9.0"
      }
    },
    "@angular/core": {
      "version": "8.1.0",
      "resolved": "https://registry.npmjs.org/@angular/core/-/core-8.1.0.tgz",
      "integrity": "sha512-GviWJjOu6LJMYNbukdSK35VaXvSrp5LTNd0FbXoBQF+mhVVV/8cG4hTKKjxG1xwWXI5E1t5U4aUKXrKUNJ1sQg==",
      "requires": {
        "tslib": "^1.9.0"
      }
    },
    "@angular/flex-layout": {
      "version": "8.0.0-beta.26",
      "resolved": "https://registry.npmjs.org/@angular/flex-layout/-/flex-layout-8.0.0-beta.26.tgz",
      "integrity": "sha512-lXDLlMSNQhidW0grvisIsj/3gqLuYyN2MvABuRYybnFTc233sXGZuOAaulqq663LA0/DP/GNcz6a+A4ZAAlmPA==",
      "requires": {
        "tslib": "^1.7.1"
      }
    },
    "ngx-smart-modal": {
      "version": "7.1.1",
      "resolved": "https://registry.npmjs.org/ngx-smart-modal/-/ngx-smart-modal-7.1.1.tgz",
      "integrity": "sha512-o7Cea8eqdBzzmxh2xX0KoSui7abReCGeInSal6Um6ZeidYnxwcUf9bA2G1LF6sjjO2WhnGshAIaSRQqfqAJ3TA=="
    },
    "rxjs": {
      "version": "6.5.2",
      "resolved": "https://registry.npmjs.org/rxjs/-/rxjs-6.5.2.tgz",
      "integrity": "sha512-HUb7j3kvb7p7eCUHE3FqjoDsC1xfZQ4AHFWfTKSpZ+sAhhz5X1WX0ZuUqWbzB2QhSLp3DoLUG+hMdEDKqWo2Zg==",
      "requires": {
        "tslib": "^1.9.0"
      }
    },
    "tslib": {
      "version": "1.10.0",
      "resolved": "https://registry.npmjs.org/tslib/-/tslib-1.10.0.tgz",
      "integrity": "sha512-qOebF53frne81cf0S9B41ByenJ3/IuH8yJKngAX35CmiZySA0khhkovshKK+jGCaMnVomla7gVlIcc3EvKPbTQ=="
    }
  }
}
